github.com/papawattu/cleanlog-common v0.0.5 h1:kGYj36yCZIl0/XwwY8xGxh91HQiAAp9Bpt4601AdizE=
github.com/papawattu/cleanlog-common v0.0.5/go.mod h1:/84y9efRMpht4uXunUYL/HzvI0q+VV16ztdU8YrwHcM=
github.com/papawattu/cleanlog-common v0.0.6 h1:0H46xTgmiLvMwyxf9eIj8/9yCVeYenLicCpgdMGwYhA=
github.com/papawattu/cleanlog-common v0.0.6/go.mod h1:/84y9efRMpht4uXunUYL/HzvI0q+VV16ztdU8YrwHcM=
github.com/papawattu/cleanlog-common v0.0.8 h1:NVDrRxks3s5PxvDJzPjCpipJSLtVWSlMLk3aqGWSyrg=
github.com/papawattu/cleanlog-common v0.0.8/go.mod h1:/84y9efRMpht4uXunUYL/HzvI0q+VV16ztdU8YrwHcM=
github.com/papawattu/cleanlog-common v0.0.9 h1:Mn2c5St3+37zXm1wjdgb8zOwCSOX2xaGWz3KZcDsJ/o=
github.com/papawattu/cleanlog-common v0.0.9/go.mod h1:/84y9efRMpht4uXunUYL/HzvI0q+VV16ztdU8YrwHcM=
github.com/papawattu/cleanlog-common v0.0.10 h1:7d3A/4sMLkzPOsQ3xa0Q8GMMgm1MZRjKHxJ/rKseNHk=
github.com/papawattu/cleanlog-common v0.0.10/go.mod h1:/84y9efRMpht4uXunUYL/HzvI0q+VV16ztdU8YrwHcM=
github.com/papawattu/cleanlog-common v0.0.11 h1:ftARr9etTwiGLK6gnVLgcOmkbBeVqha3SHI7LxsYHaI=
github.com/papawattu/cleanlog-common v0.0.11/go.mod h1:/84y9efRMpht4uXunUYL/HzvI0q+VV16ztdU8YrwHcM=
